
Microsoft Visual Studio Solution File, Format Version 12.00
# Visual Studio Version 17
VisualStudioVersion = 17.10.35013.160
MinimumVisualStudioVersion = 10.0.40219.1
Project("{FAE04EC0-301F-11D3-BF4B-00C04F79EFBC}") = "SDCT", "SDCT\SDCT.csproj", "{3EDFC2F1-524D-4759-AC7E-81592407AAE7}"
EndProject
Global
	GlobalSection(SolutionConfigurationPlatforms) = preSolution
		Debug|Any CPU = Debug|Any CPU
		Release|Any CPU = Release|Any CPU
	EndGlobalSection
	GlobalSection(ProjectConfigurationPlatforms) = postSolution
		{3EDFC2F1-524D-4759-AC7E-81592407AAE7}.Debug|Any CPU.ActiveCfg = Debug|Any CPU
		{3EDFC2F1-524D-4759-AC7E-81592407AAE7}.Debug|Any CPU.Build.0 = Debug|Any CPU
		{3EDFC2F1-524D-4759-AC7E-81592407AAE7}.Release|Any CPU.ActiveCfg = Release|Any CPU
		{3EDFC2F1-524D-4759-AC7E-81592407AAE7}.Release|Any CPU.Build.0 = Release|Any CPU
	EndGlobalSection
	GlobalSection(SolutionProperties) = preSolution
		HideSolutionNode = FALSE
	EndGlobalSection
	GlobalSection(ExtensibilityGlobals) = postSolution
		SolutionGuid = {39088ABC-EAC3-4F95-B8DB-DD5B4A2AD5BE}
	EndGlobalSection
EndGlobal
